{
  "name": "tech-book-vol20-demo",
  "version": "0.0.1",
  "lockfileVersion": 3,
  "requires": true,
  "packages": {
    "": {
      "name": "tech-book-vol20-demo",
      "version": "0.0.1",
      "license": "ISC",
      "devDependencies": {
        "node-web-gpio": "^1.1.56",
        "node-web-i2c": "^1.1.66"
      }
    },
    "node_modules/@types/i2c-bus": {
      "version": "5.1.2",
      "resolved": "https://registry.npmjs.org/@types/i2c-bus/-/i2c-bus-5.1.2.tgz",
      "integrity": "sha512-Zph1a3TZnvU8yUEhR8Yvv+Fv61dE3WQ2gMs4B2KgBUuKYE73quagMvmUN9EvRIbf4B+zq1WKMYjLOafdNus1ig==",
      "dev": true,
      "license": "MIT",
      "dependencies": {
        "@types/node": "*"
      }
    },
    "node_modules/@types/node": {
      "version": "24.12.2",
      "resolved": "https://registry.npmjs.org/@types/node/-/node-24.12.2.tgz",
      "integrity": "sha512-A1sre26ke7HDIuY/M23nd9gfB+nrmhtYyMINbjI1zHJxYteKR6qSMX56FsmjMcDb3SMcjJg5BiRRgOCC/yBD0g==",
      "dev": true,
      "license": "MIT",
      "dependencies": {
        "undici-types": "~7.16.0"
      }
    },
    "node_modules/bindings": {
      "version": "1.5.0",
      "resolved": "https://registry.npmjs.org/bindings/-/bindings-1.5.0.tgz",
      "integrity": "sha512-p2q/t/mhvuOj/UeLlV6566GD/guowlr0hHxClI0W9m7MWYkL1F0hLo+0Aexs9HSPCtR1SXQ0TD3MMKrXZajbiQ==",
      "dev": true,
      "license": "MIT",
      "dependencies": {
        "file-uri-to-path": "1.0.0"
      }
    },
    "node_modules/file-uri-to-path": {
      "version": "1.0.0",
      "resolved": "https://registry.npmjs.org/file-uri-to-path/-/file-uri-to-path-1.0.0.tgz",
      "integrity": "sha512-0Zt+s3L7Vf1biwWZ29aARiVYLx7iMGnEUl9x33fbB/j3jR81u/O2LbqK+Bm1CDSNDKVtJ/YjwY7TUd5SkeLQLw==",
      "dev": true,
      "license": "MIT"
    },
    "node_modules/i2c-bus": {
      "version": "5.2.3",
      "resolved": "https://registry.npmjs.org/i2c-bus/-/i2c-bus-5.2.3.tgz",
      "integrity": "sha512-kzFgU0OSIZlaeUUa+VK7L+kkxnj4feimCVQDOPrzj0cTaB+hNweTsO8/j7QvW2gRgWQ7ds5IpfFjpBrX+fMNng==",
      "dev": true,
      "hasInstallScript": true,
      "license": "MIT",
      "dependencies": {
        "bindings": "^1.5.0",
        "nan": "^2.17.0"
      },
      "engines": {
        "node": ">=10.0.0"
      }
    },
    "node_modules/nan": {
      "version": "2.26.2",
      "resolved": "https://registry.npmjs.org/nan/-/nan-2.26.2.tgz",
      "integrity": "sha512-0tTvBTYkt3tdGw22nrAy50x7gpbGCCFH3AFcyS5WiUu7Eu4vWlri1woE6qHBSfy11vksDqkiwjOnlR7WV8G1Hw==",
      "dev": true,
      "license": "MIT"
    },
    "node_modules/node-web-gpio": {
      "version": "1.1.56",
      "resolved": "https://registry.npmjs.org/node-web-gpio/-/node-web-gpio-1.1.56.tgz",
      "integrity": "sha512-YS1yDPObyca6A/6eIFFg+tJfvyDtS3MzH3m6RPYarjWECPxFYlfYXDOyZvQauQOtRUwQYDnI6U35+JyprdayTw==",
      "dev": true,
      "license": "MIT"
    },
    "node_modules/node-web-i2c": {
      "version": "1.1.66",
      "resolved": "https://registry.npmjs.org/node-web-i2c/-/node-web-i2c-1.1.66.tgz",
      "integrity": "sha512-nSUzqIosQypyaD6SU8UavWwVhFUGQdo8EomIYroxV0jaQiCwPF6Q3cVVhmRlWZFed/B/VxfUIwGXNN8E74d1Xw==",
      "dev": true,
      "license": "MIT",
      "dependencies": {
        "@types/i2c-bus": "^5.1.2",
        "@types/node": "^24.10.1",
        "i2c-bus": "^5.2.3"
      }
    },
    "node_modules/undici-types": {
      "version": "7.16.0",
      "resolved": "https://registry.npmjs.org/undici-types/-/undici-types-7.16.0.tgz",
      "integrity": "sha512-Zz+aZWSj8LE6zoxD+xrjh4VfkIG8Ya6LvYkZqtUQGJPZjYl53ypCaUwWqo7eI0x66KBGeRo+mlBEkMSeSZ38Nw==",
      "dev": true,
      "license": "MIT"
    }
  }
}
